
Microsoft Visual Studio Solution File, Format Version 12.00
# Visual Studio Version 17
VisualStudioVersion = 17.14.36221.1 d17.14
MinimumVisualStudioVersion = 10.0.40219.1
Project("{F184B08F-C81C-45F6-A57F-5ABD9991F28F}") = "student-planner-desktop-app", "student-planner-desktop-app.vbproj", "{EAA50FDC-442B-432A-8B86-0E2F1BEFAFA6}"
EndProject
Global
	GlobalSection(SolutionConfigurationPlatforms) = preSolution
		Debug|Any CPU = Debug|Any CPU
		Release|Any CPU = Release|Any CPU
	EndGlobalSection
	GlobalSection(ProjectConfigurationPlatforms) = postSolution
		{EAA50FDC-442B-432A-8B86-0E2F1BEFAFA6}.Debug|Any CPU.ActiveCfg = Debug|Any CPU
		{EAA50FDC-442B-432A-8B86-0E2F1BEFAFA6}.Debug|Any CPU.Build.0 = Debug|Any CPU
		{EAA50FDC-442B-432A-8B86-0E2F1BEFAFA6}.Release|Any CPU.ActiveCfg = Release|Any CPU
		{EAA50FDC-442B-432A-8B86-0E2F1BEFAFA6}.Release|Any CPU.Build.0 = Release|Any CPU
	EndGlobalSection
	GlobalSection(SolutionProperties) = preSolution
		HideSolutionNode = FALSE
	EndGlobalSection
	GlobalSection(ExtensibilityGlobals) = postSolution
		SolutionGuid = {B0CA1096-72DE-46DA-BAEC-5B8D7EF2FA26}
	EndGlobalSection
EndGlobal
